
Microsoft Visual Studio Solution File, Format Version 12.00
# Visual Studio 14
VisualStudioVersion = 14.0.25420.1
MinimumVisualStudioVersion = 10.0.40219.1
Project("{D954291E-2A0B-460D-934E-DC6B0785DB48}") = "SharedSwdCore", "SharedSwdCore\SharedSwdCore.shproj", "{155DA4A5-4361-4CB2-A3A2-B6BC1DF4F390}"
EndProject
Global
	GlobalSection(SharedMSBuildProjectFiles) = preSolution
		SharedSwdCore\SharedSwdCore.projitems*{155da4a5-4361-4cb2-a3a2-b6bc1df4f390}*SharedItemsImports = 13
	EndGlobalSection
	GlobalSection(SolutionProperties) = preSolution
		HideSolutionNode = FALSE
	EndGlobalSection
EndGlobal
